
Microsoft Visual Studio Solution File, Format Version 12.00
# Visual Studio Version 17
VisualStudioVersion = 17.5.002.0
MinimumVisualStudioVersion = 10.0.40219.1
Project("{2150E333-8FDC-42A3-9474-1A3956D46DE8}") = "backend", "backend", "{C24C87D0-FBF2-4DA5-8F9A-2D8A10BDCF04}"
EndProject
Project("{9A19103F-16F7-4668-BE54-9A1E7A4F7556}") = "api", "backend\api\api.csproj", "{5A2DF07A-C6D2-491F-BB52-CEACB9557025}"
EndProject
Global
	GlobalSection(SolutionConfigurationPlatforms) = preSolution
		Debug|Any CPU = Debug|Any CPU
		Release|Any CPU = Release|Any CPU
	EndGlobalSection
	GlobalSection(ProjectConfigurationPlatforms) = postSolution
		{5A2DF07A-C6D2-491F-BB52-CEACB9557025}.Debug|Any CPU.ActiveCfg = Debug|Any CPU
		{5A2DF07A-C6D2-491F-BB52-CEACB9557025}.Debug|Any CPU.Build.0 = Debug|Any CPU
		{5A2DF07A-C6D2-491F-BB52-CEACB9557025}.Release|Any CPU.ActiveCfg = Release|Any CPU
		{5A2DF07A-C6D2-491F-BB52-CEACB9557025}.Release|Any CPU.Build.0 = Release|Any CPU
	EndGlobalSection
	GlobalSection(SolutionProperties) = preSolution
		HideSolutionNode = FALSE
	EndGlobalSection
	GlobalSection(NestedProjects) = preSolution
		{5A2DF07A-C6D2-491F-BB52-CEACB9557025} = {C24C87D0-FBF2-4DA5-8F9A-2D8A10BDCF04}
	EndGlobalSection
	GlobalSection(ExtensibilityGlobals) = postSolution
		SolutionGuid = {7AC65C50-6BB4-45C8-AD65-5D2709A73C4A}
	EndGlobalSection
EndGlobal
